
Microsoft Visual Studio Solution File, Format Version 12.00
# Visual Studio Version 16
VisualStudioVersion = 16.0.30413.136
MinimumVisualStudioVersion = 10.0.40219.1
Project("{9A19103F-16F7-4668-BE54-9A1E7A4F7556}") = "PhoneBook", "..\PhoneBook\PhoneBook.csproj", "{EB494605-A707-4193-91EC-6F75CA3E65AF}"
EndProject
Project("{9A19103F-16F7-4668-BE54-9A1E7A4F7556}") = "PhoneBookAPI", "PhoneBookAPI.csproj", "{BA283A00-4112-49C3-B004-451E25495820}"
EndProject
Project("{FAE04EC0-301F-11D3-BF4B-00C04F79EFBC}") = "PhoneBookWPF", "..\PhoneBookWPF\PhoneBookWPF.csproj", "{48B0FA82-FEAF-468D-9637-995954C40162}"
EndProject
Global
	GlobalSection(SolutionConfigurationPlatforms) = preSolution
		Debug|Any CPU = Debug|Any CPU
		Release|Any CPU = Release|Any CPU
	EndGlobalSection
	GlobalSection(ProjectConfigurationPlatforms) = postSolution
		{EB494605-A707-4193-91EC-6F75CA3E65AF}.Debug|Any CPU.ActiveCfg = Debug|Any CPU
		{EB494605-A707-4193-91EC-6F75CA3E65AF}.Debug|Any CPU.Build.0 = Debug|Any CPU
		{EB494605-A707-4193-91EC-6F75CA3E65AF}.Release|Any CPU.ActiveCfg = Release|Any CPU
		{EB494605-A707-4193-91EC-6F75CA3E65AF}.Release|Any CPU.Build.0 = Release|Any CPU
		{BA283A00-4112-49C3-B004-451E25495820}.Debug|Any CPU.ActiveCfg = Debug|Any CPU
		{BA283A00-4112-49C3-B004-451E25495820}.Debug|Any CPU.Build.0 = Debug|Any CPU
		{BA283A00-4112-49C3-B004-451E25495820}.Release|Any CPU.ActiveCfg = Release|Any CPU
		{BA283A00-4112-49C3-B004-451E25495820}.Release|Any CPU.Build.0 = Release|Any CPU
		{48B0FA82-FEAF-468D-9637-995954C40162}.Debug|Any CPU.ActiveCfg = Debug|Any CPU
		{48B0FA82-FEAF-468D-9637-995954C40162}.Debug|Any CPU.Build.0 = Debug|Any CPU
		{48B0FA82-FEAF-468D-9637-995954C40162}.Release|Any CPU.ActiveCfg = Release|Any CPU
		{48B0FA82-FEAF-468D-9637-995954C40162}.Release|Any CPU.Build.0 = Release|Any CPU
	EndGlobalSection
	GlobalSection(SolutionProperties) = preSolution
		HideSolutionNode = FALSE
	EndGlobalSection
	GlobalSection(ExtensibilityGlobals) = postSolution
		SolutionGuid = {1A8E44DA-B8CC-46C0-89D7-DA6815475043}
	EndGlobalSection
EndGlobal
